<?xml version="1.0" encoding="utf-8"?>
<Project ToolsVersion="4.0" xmlns="http://schemas.microsoft.com/developer/msbuild/2003">
  <ItemGroup>
    <Filter Include="Animation">
      <UniqueIdentifier>{c0077d37-2a35-4095-8ef1-b9ea5d7e03d5}</UniqueIdentifier>
    </Filter>
    <Filter Include="GameObjects">
      <UniqueIdentifier>{aa40873d-c7ac-42bd-b47f-baf87674c8fe}</UniqueIdentifier>
    </Filter>
    <Filter Include="GameObjects\Weapon">
      <UniqueIdentifier>{a5e7e89c-cd3e-411d-a08f-ec4486779558}</UniqueIdentifier>
    </Filter>
    <Filter Include="GameObjects\Item">
      <UniqueIdentifier>{1c4cd511-9777-4aa1-8867-bfe06b9f1958}</UniqueIdentifier>
    </Filter>
    <Filter Include="Camera">
      <UniqueIdentifier>{fb9328c5-0fa6-45a8-91ef-e593db35407c}</UniqueIdentifier>
    </Filter>
    <Filter Include="GameObjects\MapObjects">
      <UniqueIdentifier>{038bb606-d757-4077-acfe-2c5b8103d6cf}</UniqueIdentifier>
    </Filter>
    <Filter Include="Board">
      <UniqueIdentifier>{d40d80e3-0ee3-4fbe-80f8-7cf1c385db17}</UniqueIdentifier>
    </Filter>
    <Filter Include="Scene">
      <UniqueIdentifier>{03377436-6a58-403d-a837-c09b6384639e}</UniqueIdentifier>
    </Filter>
    <Filter Include="GameObjects\Player">
      <UniqueIdentifier>{220d45f7-4607-4152-bab9-757c54d4f663}</UniqueIdentifier>
    </Filter>
    <Filter Include="GameObjects\Trigger">
      <UniqueIdentifier>{59d7c845-0a22-4cf6-98a3-5d7a9605e059}</UniqueIdentifier>
    </Filter>
    <Filter Include="Game">
      <UniqueIdentifier>{bbd3f436-3d9d-4419-9967-e0c198a9314c}</UniqueIdentifier>
    </Filter>
    <Filter Include="Map">
      <UniqueIdentifier>{58ff4c9e-ed95-43a0-b2fb-92bce3c94a9b}</UniqueIdentifier>
    </Filter>
    <Filter Include="GameDefine">
      <UniqueIdentifier>{7742dd3b-6543-4f2d-a8a2-5e8196aa1518}</UniqueIdentifier>
    </Filter>
    <Filter Include="Effect">
      <UniqueIdentifier>{4f8e578d-c2a2-49dc-9720-2dc83072743f}</UniqueIdentifier>
    </Filter>
    <Filter Include="Grid">
      <UniqueIdentifier>{39f2b064-ff1c-4aa3-b9e7-0726814a3e69}</UniqueIdentifier>
    </Filter>
    <Filter Include="GameObjects\Enemy">
      <UniqueIdentifier>{be0eda05-7065-452d-9445-9dda87fd6670}</UniqueIdentifier>
    </Filter>
    <Filter Include="Scene\IntroScene">
      <UniqueIdentifier>{20c510bd-e8bf-44a3-ab63-e78f2f898fd5}</UniqueIdentifier>
    </Filter>
    <Filter Include="GameObjects\EnemyDoor">
      <UniqueIdentifier>{ccb6e349-3cb3-4c22-88f0-00b05aabee47}</UniqueIdentifier>
    </Filter>
  </ItemGroup>
  <ItemGroup>
    <ClCompile Include="Animations.cpp">
      <Filter>Animation</Filter>
    </ClCompile>
    <ClCompile Include="TextureManager.cpp">
      <Filter>Animation</Filter>
    </ClCompile>
    <ClCompile Include="Sprites.cpp">
      <Filter>Animation</Filter>
    </ClCompile>
    <ClCompile Include="Map.cpp">
      <Filter>Map</Filter>
    </ClCompile>
    <ClCompile Include="Axe.cpp">
      <Filter>GameObjects\Weapon</Filter>
    </ClCompile>
    <ClCompile Include="Boomerang.cpp">
      <Filter>GameObjects\Weapon</Filter>
    </ClCompile>
    <ClCompile Include="Knife.cpp">
      <Filter>GameObjects\Weapon</Filter>
    </ClCompile>
    <ClCompile Include="Weapon.cpp">
      <Filter>GameObjects\Weapon</Filter>
    </ClCompile>
    <ClCompile Include="Whip.cpp">
      <Filter>GameObjects\Weapon</Filter>
    </ClCompile>
    <ClCompile Include="Item.cpp">
      <Filter>GameObjects\Item</Filter>
    </ClCompile>
    <ClCompile Include="Camera.cpp">
      <Filter>Camera</Filter>
    </ClCompile>
    <ClCompile Include="Brick.cpp">
      <Filter>GameObjects\MapObjects</Filter>
    </ClCompile>
    <ClCompile Include="Candle.cpp">
      <Filter>GameObjects\MapObjects</Filter>
    </ClCompile>
    <ClCompile Include="ScoreBoard.cpp">
      <Filter>Board</Filter>
    </ClCompile>
    <ClCompile Include="Heal.cpp">
      <Filter>Board</Filter>
    </ClCompile>
    <ClCompile Include="Font.cpp">
      <Filter>Board</Filter>
    </ClCompile>
    <ClCompile Include="PlayScence.cpp">
      <Filter>Scene</Filter>
    </ClCompile>
    <ClCompile Include="Scene.cpp">
      <Filter>Scene</Filter>
    </ClCompile>
    <ClCompile Include="SceneManager.cpp">
      <Filter>Scene</Filter>
    </ClCompile>
    <ClCompile Include="Utils.cpp">
      <Filter>GameDefine</Filter>
    </ClCompile>
    <ClCompile Include="Simon.cpp">
      <Filter>GameObjects\Player</Filter>
    </ClCompile>
    <ClCompile Include="GameObject.cpp">
      <Filter>GameObjects</Filter>
    </ClCompile>
    <ClCompile Include="Trigger.cpp">
      <Filter>GameObjects\Trigger</Filter>
    </ClCompile>
    <ClCompile Include="Game.cpp">
      <Filter>Game</Filter>
    </ClCompile>
    <ClCompile Include="main.cpp">
      <Filter>Game</Filter>
    </ClCompile>
    <ClCompile Include="MapManager.cpp">
      <Filter>Map</Filter>
    </ClCompile>
    <ClCompile Include="Effect.cpp">
      <Filter>Effect</Filter>
    </ClCompile>
    <ClCompile Include="Gunpowder.cpp">
      <Filter>GameObjects\Weapon</Filter>
    </ClCompile>
    <ClCompile Include="BrickEffect.cpp">
      <Filter>Effect</Filter>
    </ClCompile>
    <ClCompile Include="Grid.cpp">
      <Filter>Grid</Filter>
    </ClCompile>
    <ClCompile Include="Enemy.cpp">
      <Filter>GameObjects\Enemy</Filter>
    </ClCompile>
    <ClCompile Include="BlackKnight.cpp">
      <Filter>GameObjects\Enemy</Filter>
    </ClCompile>
    <ClCompile Include="MoneyEffect.cpp">
      <Filter>Effect</Filter>
    </ClCompile>
    <ClCompile Include="Bat.cpp">
      <Filter>GameObjects\Enemy</Filter>
    </ClCompile>
    <ClCompile Include="Bridge.cpp">
      <Filter>GameObjects\MapObjects</Filter>
    </ClCompile>
    <ClCompile Include="Ghost.cpp">
      <Filter>GameObjects\Enemy</Filter>
    </ClCompile>
    <ClCompile Include="Raven.cpp">
      <Filter>GameObjects\Enemy</Filter>
    </ClCompile>
    <ClCompile Include="Feaman.cpp">
      <Filter>GameObjects\Enemy</Filter>
    </ClCompile>
    <ClCompile Include="WhiteSkeleton.cpp">
      <Filter>GameObjects\Enemy</Filter>
    </ClCompile>
    <ClCompile Include="WhiteSkeletonWeapon.cpp">
      <Filter>GameObjects\Enemy</Filter>
    </ClCompile>
    <ClCompile Include="BeginScene.cpp">
      <Filter>Scene\IntroScene</Filter>
    </ClCompile>
    <ClCompile Include="LostScene.cpp">
      <Filter>Scene\IntroScene</Filter>
    </ClCompile>
    <ClCompile Include="WinScene.cpp">
      <Filter>Scene\IntroScene</Filter>
    </ClCompile>
    <ClCompile Include="BatIntro.cpp">
      <Filter>Scene\IntroScene</Filter>
    </ClCompile>
    <ClCompile Include="CloudIntro.cpp">
      <Filter>Scene\IntroScene</Filter>
    </ClCompile>
    <ClCompile Include="Zombie.cpp">
      <Filter>GameObjects\Enemy</Filter>
    </ClCompile>
    <ClCompile Include="EnemyDoor.cpp">
      <Filter>GameObjects\EnemyDoor</Filter>
    </ClCompile>
    <ClCompile Include="DeadEffect.cpp">
      <Filter>Effect</Filter>
    </ClCompile>
    <ClCompile Include="HandleTransScene.cpp">
      <Filter>Scene</Filter>
    </ClCompile>
  </ItemGroup>
  <ItemGroup>
    <ClInclude Include="Animations.h">
      <Filter>Animation</Filter>
    </ClInclude>
    <ClInclude Include="TextureManager.h">
      <Filter>Animation</Filter>
    </ClInclude>
    <ClInclude Include="Sprites.h">
      <Filter>Animation</Filter>
    </ClInclude>
    <ClInclude Include="Axe.h">
      <Filter>GameObjects\Weapon</Filter>
    </ClInclude>
    <ClInclude Include="Boomerang.h">
      <Filter>GameObjects\Weapon</Filter>
    </ClInclude>
    <ClInclude Include="Knife.h">
      <Filter>GameObjects\Weapon</Filter>
    </ClInclude>
    <ClInclude Include="Weapon.h">
      <Filter>GameObjects\Weapon</Filter>
    </ClInclude>
    <ClInclude Include="Whip.h">
      <Filter>GameObjects\Weapon</Filter>
    </ClInclude>
    <ClInclude Include="Item.h">
      <Filter>GameObjects\Item</Filter>
    </ClInclude>
    <ClInclude Include="Camera.h">
      <Filter>Camera</Filter>
    </ClInclude>
    <ClInclude Include="Brick.h">
      <Filter>GameObjects\MapObjects</Filter>
    </ClInclude>
    <ClInclude Include="Candle.h">
      <Filter>GameObjects\MapObjects</Filter>
    </ClInclude>
    <ClInclude Include="ScoreBoard.h">
      <Filter>Board</Filter>
    </ClInclude>
    <ClInclude Include="Heal.h">
      <Filter>Board</Filter>
    </ClInclude>
    <ClInclude Include="Font.h">
      <Filter>Board</Filter>
    </ClInclude>
    <ClInclude Include="PlayScence.h">
      <Filter>Scene</Filter>
    </ClInclude>
    <ClInclude Include="Scene.h">
      <Filter>Scene</Filter>
    </ClInclude>
    <ClInclude Include="SceneManager.h">
      <Filter>Scene</Filter>
    </ClInclude>
    <ClInclude Include="GameDefine.h">
      <Filter>GameDefine</Filter>
    </ClInclude>
    <ClInclude Include="Simon.h">
      <Filter>GameObjects\Player</Filter>
    </ClInclude>
    <ClInclude Include="GameObject.h">
      <Filter>GameObjects</Filter>
    </ClInclude>
    <ClInclude Include="Trigger.h">
      <Filter>GameObjects\Trigger</Filter>
    </ClInclude>
    <ClInclude Include="Game.h">
      <Filter>Game</Filter>
    </ClInclude>
    <ClInclude Include="KeyEventHandler.h">
      <Filter>Game</Filter>
    </ClInclude>
    <ClInclude Include="Map.h">
      <Filter>Map</Filter>
    </ClInclude>
    <ClInclude Include="MapManager.h">
      <Filter>Map</Filter>
    </ClInclude>
    <ClInclude Include="Effect.h">
      <Filter>Effect</Filter>
    </ClInclude>
    <ClInclude Include="Utils.h">
      <Filter>GameDefine</Filter>
    </ClInclude>
    <ClInclude Include="Gunpowder.h">
      <Filter>GameObjects\Weapon</Filter>
    </ClInclude>
    <ClInclude Include="BrickEffect.h">
      <Filter>Effect</Filter>
    </ClInclude>
    <ClInclude Include="Grid.h">
      <Filter>Grid</Filter>
    </ClInclude>
    <ClInclude Include="Enemy.h">
      <Filter>GameObjects\Enemy</Filter>
    </ClInclude>
    <ClInclude Include="BlackKnight.h">
      <Filter>GameObjects\Enemy</Filter>
    </ClInclude>
    <ClInclude Include="MoneyEffect.h">
      <Filter>Effect</Filter>
    </ClInclude>
    <ClInclude Include="Bat.h">
      <Filter>GameObjects\Enemy</Filter>
    </ClInclude>
    <ClInclude Include="Bridge.h">
      <Filter>GameObjects\MapObjects</Filter>
    </ClInclude>
    <ClInclude Include="Ghost.h">
      <Filter>GameObjects\Enemy</Filter>
    </ClInclude>
    <ClInclude Include="Raven.h">
      <Filter>GameObjects\Enemy</Filter>
    </ClInclude>
    <ClInclude Include="Feaman.h">
      <Filter>GameObjects\Enemy</Filter>
    </ClInclude>
    <ClInclude Include="WhiteSkeleton.h">
      <Filter>GameObjects\Enemy</Filter>
    </ClInclude>
    <ClInclude Include="WhiteSkeletonWeapon.h">
      <Filter>GameObjects\Enemy</Filter>
    </ClInclude>
    <ClInclude Include="BeginScene.h">
      <Filter>Scene\IntroScene</Filter>
    </ClInclude>
    <ClInclude Include="LostScene.h">
      <Filter>Scene\IntroScene</Filter>
    </ClInclude>
    <ClInclude Include="WinScene.h">
      <Filter>Scene\IntroScene</Filter>
    </ClInclude>
    <ClInclude Include="BatIntro.h">
      <Filter>Scene\IntroScene</Filter>
    </ClInclude>
    <ClInclude Include="CloudIntro.h">
      <Filter>Scene\IntroScene</Filter>
    </ClInclude>
    <ClInclude Include="Zombie.h">
      <Filter>GameObjects\Enemy</Filter>
    </ClInclude>
    <ClInclude Include="EnemyDoor.h">
      <Filter>GameObjects\EnemyDoor</Filter>
    </ClInclude>
    <ClInclude Include="DeadEffect.h">
      <Filter>Effect</Filter>
    </ClInclude>
    <ClInclude Include="HandleTransScene.h">
      <Filter>Scene</Filter>
    </ClInclude>
  </ItemGroup>
</Project>